
Microsoft Visual Studio Solution File, Format Version 12.00
# Visual Studio Version 16
VisualStudioVersion = 16.0.31205.134
MinimumVisualStudioVersion = 10.0.40219.1
Project("{FAE04EC0-301F-11D3-BF4B-00C04F79EFBC}") = "pizzaParlor", "pizzaParlor\pizzaParlor.csproj", "{0DAAD526-9408-4621-A3E4-D8930D66198D}"
EndProject
Global
	GlobalSection(SolutionConfigurationPlatforms) = preSolution
		Debug|Any CPU = Debug|Any CPU
		Release|Any CPU = Release|Any CPU
	EndGlobalSection
	GlobalSection(ProjectConfigurationPlatforms) = postSolution
		{0DAAD526-9408-4621-A3E4-D8930D66198D}.Debug|Any CPU.ActiveCfg = Debug|Any CPU
		{0DAAD526-9408-4621-A3E4-D8930D66198D}.Debug|Any CPU.Build.0 = Debug|Any CPU
		{0DAAD526-9408-4621-A3E4-D8930D66198D}.Release|Any CPU.ActiveCfg = Release|Any CPU
		{0DAAD526-9408-4621-A3E4-D8930D66198D}.Release|Any CPU.Build.0 = Release|Any CPU
	EndGlobalSection
	GlobalSection(SolutionProperties) = preSolution
		HideSolutionNode = FALSE
	EndGlobalSection
	GlobalSection(ExtensibilityGlobals) = postSolution
		SolutionGuid = {F2CD4770-E6AC-4DCA-9D14-CC6A3DAB63EB}
	EndGlobalSection
EndGlobal
